
Microsoft Visual Studio Solution File, Format Version 12.00
# Visual Studio Version 17
VisualStudioVersion = 17.5.33530.505
MinimumVisualStudioVersion = 10.0.40219.1
Project("{FAE04EC0-301F-11D3-BF4B-00C04F79EFBC}") = "bytebank_GeradorPix", "bytebank_GeradorPix\bytebank_GeradorPix.csproj", "{5F30F5CE-1650-49DD-8404-37B454A5D14E}"
EndProject
Global
	GlobalSection(SolutionConfigurationPlatforms) = preSolution
		Debug|Any CPU = Debug|Any CPU
		Release|Any CPU = Release|Any CPU
	EndGlobalSection
	GlobalSection(ProjectConfigurationPlatforms) = postSolution
		{5F30F5CE-1650-49DD-8404-37B454A5D14E}.Debug|Any CPU.ActiveCfg = Debug|Any CPU
		{5F30F5CE-1650-49DD-8404-37B454A5D14E}.Debug|Any CPU.Build.0 = Debug|Any CPU
		{5F30F5CE-1650-49DD-8404-37B454A5D14E}.Release|Any CPU.ActiveCfg = Release|Any CPU
		{5F30F5CE-1650-49DD-8404-37B454A5D14E}.Release|Any CPU.Build.0 = Release|Any CPU
	EndGlobalSection
	GlobalSection(SolutionProperties) = preSolution
		HideSolutionNode = FALSE
	EndGlobalSection
	GlobalSection(ExtensibilityGlobals) = postSolution
		SolutionGuid = {794DF0A2-DF35-40A0-BA60-7A7B4718A135}
	EndGlobalSection
EndGlobal
